# THIS IS AN AUTOGENERATED FILE. DO NOT EDIT THIS FILE DIRECTLY.
# yarn lockfile v1


"@playwright/test@1.48.1":
  version "1.48.1"
  resolved "https://registry.yarnpkg.com/@playwright/test/-/test-1.48.1.tgz#343e710fcf2e559529e3ec8d7782e09f325b9396"
  integrity sha512-s9RtWoxkOLmRJdw3oFvhFbs9OJS0BzrLUc8Hf6l2UdCNd1rqeEyD4BhCJkvzeEoD1FsK4mirsWwGerhVmYKtZg==
  dependencies:
    playwright "1.48.1"

"@types/node@^22.7.6":
  version "22.7.6"
  resolved "https://registry.yarnpkg.com/@types/node/-/node-22.7.6.tgz#3ec3e2b071e136cd11093c19128405e1d1f92f33"
  integrity sha512-/d7Rnj0/ExXDMcioS78/kf1lMzYk4BZV8MZGTBKzTGZ6/406ukkbYlIsZmMPhcR5KlkunDHQLrtAVmSq7r+mSw==
  dependencies:
    undici-types "~6.19.2"

fsevents@2.3.2:
  version "2.3.2"
  resolved "https://registry.yarnpkg.com/fsevents/-/fsevents-2.3.2.tgz#8a526f78b8fdf4623b709e0b975c52c24c02fd1a"
  integrity sha512-xiqMQR4xAeHTuB9uWm+fFRcIOgKBMiOBP+eXiyT7jsgVCq1bkVygt00oASowB7EdtpOHaaPgKt812P9ab+DDKA==

playwright-core@1.48.1:
  version "1.48.1"
  resolved "https://registry.yarnpkg.com/playwright-core/-/playwright-core-1.48.1.tgz#5fe28fb9a9326dae88d4608c35e819163cceeb23"
  integrity sha512-Yw/t4VAFX/bBr1OzwCuOMZkY1Cnb4z/doAFSwf4huqAGWmf9eMNjmK7NiOljCdLmxeRYcGPPmcDgU0zOlzP0YA==

playwright@1.48.1:
  version "1.48.1"
  resolved "https://registry.yarnpkg.com/playwright/-/playwright-1.48.1.tgz#2a920cfbec4572c84789e757d8b044baaed49435"
  integrity sha512-j8CiHW/V6HxmbntOfyB4+T/uk08tBy6ph0MpBXwuoofkSnLmlfdYNNkFTYD6ofzzlSqLA1fwH4vwvVFvJgLN0w==
  dependencies:
    playwright-core "1.48.1"
  optionalDependencies:
    fsevents "2.3.2"

undici-types@~6.19.2:
  version "6.19.8"
  resolved "https://registry.yarnpkg.com/undici-types/-/undici-types-6.19.8.tgz#35111c9d1437ab83a7cdc0abae2f26d88eda0a02"
  integrity sha512-ve2KP6f/JnbPBFyobGHuerC9g1FYGn/F8n1LWTwNxCEzd6IfqTwUQcNXgEtmmQ6DlRrC1hrSrBnCZPokRrDHjw==
